Microsoft Visual Studio Solution File, Format Version 12.00
# Visual Studio Version 17
VisualStudioVersion = 17.5.2.0
MinimumVisualStudioVersion = 10.0.40219.1
Project("{FAE04EC0-301F-11D3-BF4B-00C04F79EFBC}") = "GPS.CrossCutting", "GPS.CrossCutting\GPS.CrossCutting.csproj", "{F71737A0-5AC6-B232-1ED1-010CBC8C54B4}"
EndProject
Project("{2150E333-8FDC-42A3-9474-1A3956D46DE8}") = "ContratacaoService", "ContratacaoService", "{90D05A91-A326-050F-70D3-F426CCE873F3}"
EndProject
Project("{2150E333-8FDC-42A3-9474-1A3956D46DE8}") = "PessoaService", "PessoaService", "{91A87C74-7A44-571E-1AD5-59279AD98D4E}"
EndProject
Project("{2150E333-8FDC-42A3-9474-1A3956D46DE8}") = "PropostaService", "PropostaService", "{12908AE1-9F35-CC6E-6A6B-D40B7CA86BDA}"
EndProject
Project("{2150E333-8FDC-42A3-9474-1A3956D46DE8}") = "Tests", "Tests", "{0AB3BF05-4346-4AA6-1389-037BE0695223}"
EndProject
Project("{FAE04EC0-301F-11D3-BF4B-00C04F79EFBC}") = "GPS.ContratacaoService.Api", "ContratacaoService\GPS.ContratacaoService.Api\GPS.ContratacaoService.Api.csproj", "{59057D32-3196-78C8-CF60-798F6ADFCB69}"
EndProject
Project("{FAE04EC0-301F-11D3-BF4B-00C04F79EFBC}") = "GPS.ContratacaoService.Application", "ContratacaoService\GPS.ContratacaoService.Application\GPS.ContratacaoService.Application.csproj", "{4DCA6A54-6BA2-53E0-3C97-C5D538C9011F}"
EndProject
Project("{FAE04EC0-301F-11D3-BF4B-00C04F79EFBC}") = "GPS.ContratacaoService.Domain", "ContratacaoService\GPS.ContratacaoService.Domain\GPS.ContratacaoService.Domain.csproj", "{8EF7F1B5-0B6F-39B4-73AB-90029835A676}"
EndProject
Project("{FAE04EC0-301F-11D3-BF4B-00C04F79EFBC}") = "GPS.ContratacaoService.Infrastructure", "ContratacaoService\GPS.ContratacaoService.Infrastructure\GPS.ContratacaoService.Infrastructure.csproj", "{E88D5B83-DFDE-022D-6E7F-29BB0DF7BF5E}"
EndProject
Project("{FAE04EC0-301F-11D3-BF4B-00C04F79EFBC}") = "GPS.PessoaService.Api", "PessoaService\GPS.PessoaService.Api\GPS.PessoaService.Api.csproj", "{104C9747-9DE6-92E9-313A-9B39397C24C6}"
EndProject
Project("{FAE04EC0-301F-11D3-BF4B-00C04F79EFBC}") = "GPS.PessoaService.Application", "PessoaService\GPS.PessoaService.Application\GPS.PessoaService.Application.csproj", "{AD792A0C-A338-17FB-6A21-88FE1844BF73}"
EndProject
Project("{FAE04EC0-301F-11D3-BF4B-00C04F79EFBC}") = "GPS.PessoaService.Domain", "PessoaService\GPS.PessoaService.Domain\GPS.PessoaService.Domain.csproj", "{B94F1820-A6EC-1122-DC4B-6B589701836B}"
EndProject
Project("{FAE04EC0-301F-11D3-BF4B-00C04F79EFBC}") = "GPS.PessoaService.Infrastructure", "PessoaService\GPS.PessoaService.Infrastructure\GPS.PessoaService.Infrastructure.csproj", "{00815ED1-6478-BC20-251F-F987A8A1B725}"
EndProject
Project("{FAE04EC0-301F-11D3-BF4B-00C04F79EFBC}") = "GPS.PropostaService.Api", "PropostaService\GPS.PropostaService.Api\GPS.PropostaService.Api.csproj", "{56DBB50B-00A0-4601-09C5-F725F80D12E5}"
EndProject
Project("{FAE04EC0-301F-11D3-BF4B-00C04F79EFBC}") = "GPS.PropostaService.Application", "PropostaService\GPS.PropostaService.Application\GPS.PropostaService.Application.csproj", "{DCEDDF4B-C501-F4D2-DD63-9E5ABD4C04F8}"
EndProject
Project("{FAE04EC0-301F-11D3-BF4B-00C04F79EFBC}") = "GPS.PropostaService.Domain", "PropostaService\GPS.PropostaService.Domain\GPS.PropostaService.Domain.csproj", "{2FF5E3E8-7F59-CF6D-EC91-1B76D9507079}"
EndProject
Project("{FAE04EC0-301F-11D3-BF4B-00C04F79EFBC}") = "GPS.PropostaService.Infrastructure", "PropostaService\GPS.PropostaService.Infrastructure\GPS.PropostaService.Infrastructure.csproj", "{07339628-D341-73B5-CB68-F2339D39705B}"
EndProject
Project("{FAE04EC0-301F-11D3-BF4B-00C04F79EFBC}") = "GPS.ContratacaoService.Tests", "Tests\GPS.ContratacaoService.Tests\GPS.ContratacaoService.Tests.csproj", "{71C760BC-3300-2628-F830-20802BDE40D6}"
EndProject
Project("{FAE04EC0-301F-11D3-BF4B-00C04F79EFBC}") = "GPS.PessoaService.Tests", "Tests\GPS.PessoaService.Tests\GPS.PessoaService.Tests.csproj", "{3BC2FEE1-5DB1-2D77-5729-BC339C2FEBB3}"
EndProject
Project("{FAE04EC0-301F-11D3-BF4B-00C04F79EFBC}") = "GPS.PropostaService.Tests", "Tests\GPS.PropostaService.Tests\GPS.PropostaService.Tests.csproj", "{5BDA9A2B-8085-3734-FA82-4B27F52B3E83}"
EndProject
Global
	GlobalSection(SolutionConfigurationPlatforms) = preSolution
		Debug|Any CPU = Debug|Any CPU
		Release|Any CPU = Release|Any CPU
	EndGlobalSection
	GlobalSection(ProjectConfigurationPlatforms) = postSolution
		{F71737A0-5AC6-B232-1ED1-010CBC8C54B4}.Debug|Any CPU.ActiveCfg = Debug|Any CPU
		{F71737A0-5AC6-B232-1ED1-010CBC8C54B4}.Debug|Any CPU.Build.0 = Debug|Any CPU
		{F71737A0-5AC6-B232-1ED1-010CBC8C54B4}.Release|Any CPU.ActiveCfg = Release|Any CPU
		{F71737A0-5AC6-B232-1ED1-010CBC8C54B4}.Release|Any CPU.Build.0 = Release|Any CPU
		{59057D32-3196-78C8-CF60-798F6ADFCB69}.Debug|Any CPU.ActiveCfg = Debug|Any CPU
		{59057D32-3196-78C8-CF60-798F6ADFCB69}.Debug|Any CPU.Build.0 = Debug|Any CPU
		{59057D32-3196-78C8-CF60-798F6ADFCB69}.Release|Any CPU.ActiveCfg = Release|Any CPU
		{59057D32-3196-78C8-CF60-798F6ADFCB69}.Release|Any CPU.Build.0 = Release|Any CPU
		{4DCA6A54-6BA2-53E0-3C97-C5D538C9011F}.Debug|Any CPU.ActiveCfg = Debug|Any CPU
		{4DCA6A54-6BA2-53E0-3C97-C5D538C9011F}.Debug|Any CPU.Build.0 = Debug|Any CPU
		{4DCA6A54-6BA2-53E0-3C97-C5D538C9011F}.Release|Any CPU.ActiveCfg = Release|Any CPU
		{4DCA6A54-6BA2-53E0-3C97-C5D538C9011F}.Release|Any CPU.Build.0 = Release|Any CPU
		{8EF7F1B5-0B6F-39B4-73AB-90029835A676}.Debug|Any CPU.ActiveCfg = Debug|Any CPU
		{8EF7F1B5-0B6F-39B4-73AB-90029835A676}.Debug|Any CPU.Build.0 = Debug|Any CPU
		{8EF7F1B5-0B6F-39B4-73AB-90029835A676}.Release|Any CPU.ActiveCfg = Release|Any CPU
		{8EF7F1B5-0B6F-39B4-73AB-90029835A676}.Release|Any CPU.Build.0 = Release|Any CPU
		{E88D5B83-DFDE-022D-6E7F-29BB0DF7BF5E}.Debug|Any CPU.ActiveCfg = Debug|Any CPU
		{E88D5B83-DFDE-022D-6E7F-29BB0DF7BF5E}.Debug|Any CPU.Build.0 = Debug|Any CPU
		{E88D5B83-DFDE-022D-6E7F-29BB0DF7BF5E}.Release|Any CPU.ActiveCfg = Release|Any CPU
		{E88D5B83-DFDE-022D-6E7F-29BB0DF7BF5E}.Release|Any CPU.Build.0 = Release|Any CPU
		{104C9747-9DE6-92E9-313A-9B39397C24C6}.Debug|Any CPU.ActiveCfg = Debug|Any CPU
		{104C9747-9DE6-92E9-313A-9B39397C24C6}.Debug|Any CPU.Build.0 = Debug|Any CPU
		{104C9747-9DE6-92E9-313A-9B39397C24C6}.Release|Any CPU.ActiveCfg = Release|Any CPU
		{104C9747-9DE6-92E9-313A-9B39397C24C6}.Release|Any CPU.Build.0 = Release|Any CPU
		{AD792A0C-A338-17FB-6A21-88FE1844BF73}.Debug|Any CPU.ActiveCfg = Debug|Any CPU
		{AD792A0C-A338-17FB-6A21-88FE1844BF73}.Debug|Any CPU.Build.0 = Debug|Any CPU
		{AD792A0C-A338-17FB-6A21-88FE1844BF73}.Release|Any CPU.ActiveCfg = Release|Any CPU
		{AD792A0C-A338-17FB-6A21-88FE1844BF73}.Release|Any CPU.Build.0 = Release|Any CPU
		{B94F1820-A6EC-1122-DC4B-6B589701836B}.Debug|Any CPU.ActiveCfg = Debug|Any CPU
		{B94F1820-A6EC-1122-DC4B-6B589701836B}.Debug|Any CPU.Build.0 = Debug|Any CPU
		{B94F1820-A6EC-1122-DC4B-6B589701836B}.Release|Any CPU.ActiveCfg = Release|Any CPU
		{B94F1820-A6EC-1122-DC4B-6B589701836B}.Release|Any CPU.Build.0 = Release|Any CPU
		{00815ED1-6478-BC20-251F-F987A8A1B725}.Debug|Any CPU.ActiveCfg = Debug|Any CPU
		{00815ED1-6478-BC20-251F-F987A8A1B725}.Debug|Any CPU.Build.0 = Debug|Any CPU
		{00815ED1-6478-BC20-251F-F987A8A1B725}.Release|Any CPU.ActiveCfg = Release|Any CPU
		{00815ED1-6478-BC20-251F-F987A8A1B725}.Release|Any CPU.Build.0 = Release|Any CPU
		{56DBB50B-00A0-4601-09C5-F725F80D12E5}.Debug|Any CPU.ActiveCfg = Debug|Any CPU
		{56DBB50B-00A0-4601-09C5-F725F80D12E5}.Debug|Any CPU.Build.0 = Debug|Any CPU
		{56DBB50B-00A0-4601-09C5-F725F80D12E5}.Release|Any CPU.ActiveCfg = Release|Any CPU
		{56DBB50B-00A0-4601-09C5-F725F80D12E5}.Release|Any CPU.Build.0 = Release|Any CPU
		{DCEDDF4B-C501-F4D2-DD63-9E5ABD4C04F8}.Debug|Any CPU.ActiveCfg = Debug|Any CPU
		{DCEDDF4B-C501-F4D2-DD63-9E5ABD4C04F8}.Debug|Any CPU.Build.0 = Debug|Any CPU
		{DCEDDF4B-C501-F4D2-DD63-9E5ABD4C04F8}.Release|Any CPU.ActiveCfg = Release|Any CPU
		{DCEDDF4B-C501-F4D2-DD63-9E5ABD4C04F8}.Release|Any CPU.Build.0 = Release|Any CPU
		{2FF5E3E8-7F59-CF6D-EC91-1B76D9507079}.Debug|Any CPU.ActiveCfg = Debug|Any CPU
		{2FF5E3E8-7F59-CF6D-EC91-1B76D9507079}.Debug|Any CPU.Build.0 = Debug|Any CPU
		{2FF5E3E8-7F59-CF6D-EC91-1B76D9507079}.Release|Any CPU.ActiveCfg = Release|Any CPU
		{2FF5E3E8-7F59-CF6D-EC91-1B76D9507079}.Release|Any CPU.Build.0 = Release|Any CPU
		{07339628-D341-73B5-CB68-F2339D39705B}.Debug|Any CPU.ActiveCfg = Debug|Any CPU
		{07339628-D341-73B5-CB68-F2339D39705B}.Debug|Any CPU.Build.0 = Debug|Any CPU
		{07339628-D341-73B5-CB68-F2339D39705B}.Release|Any CPU.ActiveCfg = Release|Any CPU
		{07339628-D341-73B5-CB68-F2339D39705B}.Release|Any CPU.Build.0 = Release|Any CPU
		{71C760BC-3300-2628-F830-20802BDE40D6}.Debug|Any CPU.ActiveCfg = Debug|Any CPU
		{71C760BC-3300-2628-F830-20802BDE40D6}.Debug|Any CPU.Build.0 = Debug|Any CPU
		{71C760BC-3300-2628-F830-20802BDE40D6}.Release|Any CPU.ActiveCfg = Release|Any CPU
		{71C760BC-3300-2628-F830-20802BDE40D6}.Release|Any CPU.Build.0 = Release|Any CPU
		{3BC2FEE1-5DB1-2D77-5729-BC339C2FEBB3}.Debug|Any CPU.ActiveCfg = Debug|Any CPU
		{3BC2FEE1-5DB1-2D77-5729-BC339C2FEBB3}.Debug|Any CPU.Build.0 = Debug|Any CPU
		{3BC2FEE1-5DB1-2D77-5729-BC339C2FEBB3}.Release|Any CPU.ActiveCfg = Release|Any CPU
		{3BC2FEE1-5DB1-2D77-5729-BC339C2FEBB3}.Release|Any CPU.Build.0 = Release|Any CPU
		{5BDA9A2B-8085-3734-FA82-4B27F52B3E83}.Debug|Any CPU.ActiveCfg = Debug|Any CPU
		{5BDA9A2B-8085-3734-FA82-4B27F52B3E83}.Debug|Any CPU.Build.0 = Debug|Any CPU
		{5BDA9A2B-8085-3734-FA82-4B27F52B3E83}.Release|Any CPU.ActiveCfg = Release|Any CPU
		{5BDA9A2B-8085-3734-FA82-4B27F52B3E83}.Release|Any CPU.Build.0 = Release|Any CPU
	EndGlobalSection
	GlobalSection(SolutionProperties) = preSolution
		HideSolutionNode = FALSE
	EndGlobalSection
	GlobalSection(NestedProjects) = preSolution
		{59057D32-3196-78C8-CF60-798F6ADFCB69} = {90D05A91-A326-050F-70D3-F426CCE873F3}
		{4DCA6A54-6BA2-53E0-3C97-C5D538C9011F} = {90D05A91-A326-050F-70D3-F426CCE873F3}
		{8EF7F1B5-0B6F-39B4-73AB-90029835A676} = {90D05A91-A326-050F-70D3-F426CCE873F3}
		{E88D5B83-DFDE-022D-6E7F-29BB0DF7BF5E} = {90D05A91-A326-050F-70D3-F426CCE873F3}
		{104C9747-9DE6-92E9-313A-9B39397C24C6} = {91A87C74-7A44-571E-1AD5-59279AD98D4E}
		{AD792A0C-A338-17FB-6A21-88FE1844BF73} = {91A87C74-7A44-571E-1AD5-59279AD98D4E}
		{B94F1820-A6EC-1122-DC4B-6B589701836B} = {91A87C74-7A44-571E-1AD5-59279AD98D4E}
		{00815ED1-6478-BC20-251F-F987A8A1B725} = {91A87C74-7A44-571E-1AD5-59279AD98D4E}
		{56DBB50B-00A0-4601-09C5-F725F80D12E5} = {12908AE1-9F35-CC6E-6A6B-D40B7CA86BDA}
		{DCEDDF4B-C501-F4D2-DD63-9E5ABD4C04F8} = {12908AE1-9F35-CC6E-6A6B-D40B7CA86BDA}
		{2FF5E3E8-7F59-CF6D-EC91-1B76D9507079} = {12908AE1-9F35-CC6E-6A6B-D40B7CA86BDA}
		{07339628-D341-73B5-CB68-F2339D39705B} = {12908AE1-9F35-CC6E-6A6B-D40B7CA86BDA}
		{71C760BC-3300-2628-F830-20802BDE40D6} = {0AB3BF05-4346-4AA6-1389-037BE0695223}
		{3BC2FEE1-5DB1-2D77-5729-BC339C2FEBB3} = {0AB3BF05-4346-4AA6-1389-037BE0695223}
		{5BDA9A2B-8085-3734-FA82-4B27F52B3E83} = {0AB3BF05-4346-4AA6-1389-037BE0695223}
	EndGlobalSection
	GlobalSection(ExtensibilityGlobals) = postSolution
		SolutionGuid = {43A340C3-F8A2-4833-A76D-D859B44C4E95}
	EndGlobalSection
EndGlobal
