
Microsoft Visual Studio Solution File, Format Version 12.00
# Visual Studio Version 17
VisualStudioVersion = 17.14.36401.2
MinimumVisualStudioVersion = 10.0.40219.1
Project("{FAE04EC0-301F-11D3-BF4B-00C04F79EFBC}") = "GPS.CrossCutting", "Backend\GPS.CrossCutting\GPS.CrossCutting.csproj", "{B875BFE7-A967-430F-81F0-8059FF661C44}"
EndProject
Project("{FAE04EC0-301F-11D3-BF4B-00C04F79EFBC}") = "GPS.PropostaService.Domain", "Backend\PropostaService\GPS.PropostaService.Domain\GPS.PropostaService.Domain.csproj", "{3E9426E5-3EED-4E09-82BF-BCA5C1558F98}"
EndProject
Project("{2150E333-8FDC-42A3-9474-1A3956D46DE8}") = "PropostaService", "PropostaService", "{02EA681E-C7D8-13C7-8484-4AC65E1B71E8}"
EndProject
Project("{2150E333-8FDC-42A3-9474-1A3956D46DE8}") = "PessoaService", "PessoaService", "{E72146C4-DD5D-4AE7-8DD6-69763D36E300}"
EndProject
Project("{2150E333-8FDC-42A3-9474-1A3956D46DE8}") = "ContratacaoService", "ContratacaoService", "{EC007DAD-82DF-48D5-9CE2-39941C5C7A34}"
EndProject
Project("{2150E333-8FDC-42A3-9474-1A3956D46DE8}") = "Tests", "Tests", "{3C024D7C-2911-4836-A0D3-3EA0EF02A24F}"
EndProject
Project("{FAE04EC0-301F-11D3-BF4B-00C04F79EFBC}") = "GPS.PropostaService.Infrastructure", "Backend\PropostaService\GPS.PropostaService.Infrastructure\GPS.PropostaService.Infrastructure.csproj", "{7D9C2749-37FA-4C71-800D-44F402BAC32D}"
EndProject
Project("{FAE04EC0-301F-11D3-BF4B-00C04F79EFBC}") = "GPS.PropostaService.Application", "Backend\PropostaService\GPS.PropostaService.Application\GPS.PropostaService.Application.csproj", "{7CF5C560-421A-4623-9A6A-71D44D8E142D}"
EndProject
Project("{FAE04EC0-301F-11D3-BF4B-00C04F79EFBC}") = "GPS.PropostaService.Api", "Backend\PropostaService\GPS.PropostaService.Api\GPS.PropostaService.Api.csproj", "{EFE26C9B-ABBA-473F-A022-6E04EEECE527}"
EndProject
Project("{FAE04EC0-301F-11D3-BF4B-00C04F79EFBC}") = "GPS.ContratacaoService.Api", "Backend\ContratacaoService\GPS.ContratacaoService.Api\GPS.ContratacaoService.Api.csproj", "{0EEDBE18-C2A1-40BC-B708-68F1FC7654FB}"
EndProject
Project("{FAE04EC0-301F-11D3-BF4B-00C04F79EFBC}") = "GPS.ContratacaoService.Application", "Backend\ContratacaoService\GPS.ContratacaoService.Application\GPS.ContratacaoService.Application.csproj", "{9CB7FA0A-D2BB-492D-ACA7-7CA7F2513DD5}"
EndProject
Project("{FAE04EC0-301F-11D3-BF4B-00C04F79EFBC}") = "GPS.ContratacaoService.Domain", "Backend\ContratacaoService\GPS.ContratacaoService.Domain\GPS.ContratacaoService.Domain.csproj", "{B3224773-B9E3-4255-B5BC-D0C5B09AF3ED}"
EndProject
Project("{FAE04EC0-301F-11D3-BF4B-00C04F79EFBC}") = "GPS.ContratacaoService.Infrastructure", "Backend\ContratacaoService\GPS.ContratacaoService.Infrastructure\GPS.ContratacaoService.Infrastructure.csproj", "{6D3A6890-33E0-46B6-8DD7-F6C3F9E9489A}"
EndProject
Project("{FAE04EC0-301F-11D3-BF4B-00C04F79EFBC}") = "GPS.PessoaService.Api", "Backend\PessoaService\GPS.PessoaService.Api\GPS.PessoaService.Api.csproj", "{2EE59947-252E-48A1-BBE3-441FCDD74958}"
EndProject
Project("{FAE04EC0-301F-11D3-BF4B-00C04F79EFBC}") = "GPS.PessoaService.Application", "Backend\PessoaService\GPS.PessoaService.Application\GPS.PessoaService.Application.csproj", "{4F4C2F8B-951B-4601-97C9-B586D63C9C77}"
EndProject
Project("{FAE04EC0-301F-11D3-BF4B-00C04F79EFBC}") = "GPS.PessoaService.Domain", "Backend\PessoaService\GPS.PessoaService.Domain\GPS.PessoaService.Domain.csproj", "{448F5CD7-AE16-45AC-A39F-3557DE97E3DF}"
EndProject
Project("{FAE04EC0-301F-11D3-BF4B-00C04F79EFBC}") = "GPS.PessoaService.Infrastructure", "Backend\PessoaService\GPS.PessoaService.Infrastructure\GPS.PessoaService.Infrastructure.csproj", "{703C7B13-7AC8-43FA-9725-F652807F0418}"
EndProject
Project("{FAE04EC0-301F-11D3-BF4B-00C04F79EFBC}") = "GPS.PropostaService.Tests", "Backend\Tests\GPS.PropostaService.Tests\GPS.PropostaService.Tests.csproj", "{14113AFB-6755-4D7C-AB84-02A68469CC7A}"
EndProject
Project("{FAE04EC0-301F-11D3-BF4B-00C04F79EFBC}") = "GPS.PessoaService.Tests", "Backend\Tests\GPS.PessoaService.Tests\GPS.PessoaService.Tests.csproj", "{126831C8-F575-462C-B7EA-324EBD0E87E8}"
EndProject
Project("{FAE04EC0-301F-11D3-BF4B-00C04F79EFBC}") = "GPS.ContratacaoService.Tests", "Backend\Tests\GPS.ContratacaoService.Tests\GPS.ContratacaoService.Tests.csproj", "{4599D1AC-F334-4470-83EF-91BAE4FE117F}"
EndProject
Global
	GlobalSection(SolutionConfigurationPlatforms) = preSolution
		Debug|Any CPU = Debug|Any CPU
		Release|Any CPU = Release|Any CPU
	EndGlobalSection
	GlobalSection(ProjectConfigurationPlatforms) = postSolution
		{B875BFE7-A967-430F-81F0-8059FF661C44}.Debug|Any CPU.ActiveCfg = Debug|Any CPU
		{B875BFE7-A967-430F-81F0-8059FF661C44}.Debug|Any CPU.Build.0 = Debug|Any CPU
		{B875BFE7-A967-430F-81F0-8059FF661C44}.Release|Any CPU.ActiveCfg = Release|Any CPU
		{B875BFE7-A967-430F-81F0-8059FF661C44}.Release|Any CPU.Build.0 = Release|Any CPU
		{3E9426E5-3EED-4E09-82BF-BCA5C1558F98}.Debug|Any CPU.ActiveCfg = Debug|Any CPU
		{3E9426E5-3EED-4E09-82BF-BCA5C1558F98}.Debug|Any CPU.Build.0 = Debug|Any CPU
		{3E9426E5-3EED-4E09-82BF-BCA5C1558F98}.Release|Any CPU.ActiveCfg = Release|Any CPU
		{3E9426E5-3EED-4E09-82BF-BCA5C1558F98}.Release|Any CPU.Build.0 = Release|Any CPU
		{7D9C2749-37FA-4C71-800D-44F402BAC32D}.Debug|Any CPU.ActiveCfg = Debug|Any CPU
		{7D9C2749-37FA-4C71-800D-44F402BAC32D}.Debug|Any CPU.Build.0 = Debug|Any CPU
		{7D9C2749-37FA-4C71-800D-44F402BAC32D}.Release|Any CPU.ActiveCfg = Release|Any CPU
		{7D9C2749-37FA-4C71-800D-44F402BAC32D}.Release|Any CPU.Build.0 = Release|Any CPU
		{7CF5C560-421A-4623-9A6A-71D44D8E142D}.Debug|Any CPU.ActiveCfg = Debug|Any CPU
		{7CF5C560-421A-4623-9A6A-71D44D8E142D}.Debug|Any CPU.Build.0 = Debug|Any CPU
		{7CF5C560-421A-4623-9A6A-71D44D8E142D}.Release|Any CPU.ActiveCfg = Release|Any CPU
		{7CF5C560-421A-4623-9A6A-71D44D8E142D}.Release|Any CPU.Build.0 = Release|Any CPU
		{EFE26C9B-ABBA-473F-A022-6E04EEECE527}.Debug|Any CPU.ActiveCfg = Debug|Any CPU
		{EFE26C9B-ABBA-473F-A022-6E04EEECE527}.Debug|Any CPU.Build.0 = Debug|Any CPU
		{EFE26C9B-ABBA-473F-A022-6E04EEECE527}.Release|Any CPU.ActiveCfg = Release|Any CPU
		{EFE26C9B-ABBA-473F-A022-6E04EEECE527}.Release|Any CPU.Build.0 = Release|Any CPU
		{0EEDBE18-C2A1-40BC-B708-68F1FC7654FB}.Debug|Any CPU.ActiveCfg = Debug|Any CPU
		{0EEDBE18-C2A1-40BC-B708-68F1FC7654FB}.Debug|Any CPU.Build.0 = Debug|Any CPU
		{0EEDBE18-C2A1-40BC-B708-68F1FC7654FB}.Release|Any CPU.ActiveCfg = Release|Any CPU
		{0EEDBE18-C2A1-40BC-B708-68F1FC7654FB}.Release|Any CPU.Build.0 = Release|Any CPU
		{9CB7FA0A-D2BB-492D-ACA7-7CA7F2513DD5}.Debug|Any CPU.ActiveCfg = Debug|Any CPU
		{9CB7FA0A-D2BB-492D-ACA7-7CA7F2513DD5}.Debug|Any CPU.Build.0 = Debug|Any CPU
		{9CB7FA0A-D2BB-492D-ACA7-7CA7F2513DD5}.Release|Any CPU.ActiveCfg = Release|Any CPU
		{9CB7FA0A-D2BB-492D-ACA7-7CA7F2513DD5}.Release|Any CPU.Build.0 = Release|Any CPU
		{B3224773-B9E3-4255-B5BC-D0C5B09AF3ED}.Debug|Any CPU.ActiveCfg = Debug|Any CPU
		{B3224773-B9E3-4255-B5BC-D0C5B09AF3ED}.Debug|Any CPU.Build.0 = Debug|Any CPU
		{B3224773-B9E3-4255-B5BC-D0C5B09AF3ED}.Release|Any CPU.ActiveCfg = Release|Any CPU
		{B3224773-B9E3-4255-B5BC-D0C5B09AF3ED}.Release|Any CPU.Build.0 = Release|Any CPU
		{6D3A6890-33E0-46B6-8DD7-F6C3F9E9489A}.Debug|Any CPU.ActiveCfg = Debug|Any CPU
		{6D3A6890-33E0-46B6-8DD7-F6C3F9E9489A}.Debug|Any CPU.Build.0 = Debug|Any CPU
		{6D3A6890-33E0-46B6-8DD7-F6C3F9E9489A}.Release|Any CPU.ActiveCfg = Release|Any CPU
		{6D3A6890-33E0-46B6-8DD7-F6C3F9E9489A}.Release|Any CPU.Build.0 = Release|Any CPU
		{2EE59947-252E-48A1-BBE3-441FCDD74958}.Debug|Any CPU.ActiveCfg = Debug|Any CPU
		{2EE59947-252E-48A1-BBE3-441FCDD74958}.Debug|Any CPU.Build.0 = Debug|Any CPU
		{2EE59947-252E-48A1-BBE3-441FCDD74958}.Release|Any CPU.ActiveCfg = Release|Any CPU
		{2EE59947-252E-48A1-BBE3-441FCDD74958}.Release|Any CPU.Build.0 = Release|Any CPU
		{4F4C2F8B-951B-4601-97C9-B586D63C9C77}.Debug|Any CPU.ActiveCfg = Debug|Any CPU
		{4F4C2F8B-951B-4601-97C9-B586D63C9C77}.Debug|Any CPU.Build.0 = Debug|Any CPU
		{4F4C2F8B-951B-4601-97C9-B586D63C9C77}.Release|Any CPU.ActiveCfg = Release|Any CPU
		{4F4C2F8B-951B-4601-97C9-B586D63C9C77}.Release|Any CPU.Build.0 = Release|Any CPU
		{448F5CD7-AE16-45AC-A39F-3557DE97E3DF}.Debug|Any CPU.ActiveCfg = Debug|Any CPU
		{448F5CD7-AE16-45AC-A39F-3557DE97E3DF}.Debug|Any CPU.Build.0 = Debug|Any CPU
		{448F5CD7-AE16-45AC-A39F-3557DE97E3DF}.Release|Any CPU.ActiveCfg = Release|Any CPU
		{448F5CD7-AE16-45AC-A39F-3557DE97E3DF}.Release|Any CPU.Build.0 = Release|Any CPU
		{703C7B13-7AC8-43FA-9725-F652807F0418}.Debug|Any CPU.ActiveCfg = Debug|Any CPU
		{703C7B13-7AC8-43FA-9725-F652807F0418}.Debug|Any CPU.Build.0 = Debug|Any CPU
		{703C7B13-7AC8-43FA-9725-F652807F0418}.Release|Any CPU.ActiveCfg = Release|Any CPU
		{703C7B13-7AC8-43FA-9725-F652807F0418}.Release|Any CPU.Build.0 = Release|Any CPU
		{14113AFB-6755-4D7C-AB84-02A68469CC7A}.Debug|Any CPU.ActiveCfg = Debug|Any CPU
		{14113AFB-6755-4D7C-AB84-02A68469CC7A}.Debug|Any CPU.Build.0 = Debug|Any CPU
		{14113AFB-6755-4D7C-AB84-02A68469CC7A}.Release|Any CPU.ActiveCfg = Release|Any CPU
		{14113AFB-6755-4D7C-AB84-02A68469CC7A}.Release|Any CPU.Build.0 = Release|Any CPU
		{126831C8-F575-462C-B7EA-324EBD0E87E8}.Debug|Any CPU.ActiveCfg = Debug|Any CPU
		{126831C8-F575-462C-B7EA-324EBD0E87E8}.Debug|Any CPU.Build.0 = Debug|Any CPU
		{126831C8-F575-462C-B7EA-324EBD0E87E8}.Release|Any CPU.ActiveCfg = Release|Any CPU
		{126831C8-F575-462C-B7EA-324EBD0E87E8}.Release|Any CPU.Build.0 = Release|Any CPU
		{4599D1AC-F334-4470-83EF-91BAE4FE117F}.Debug|Any CPU.ActiveCfg = Debug|Any CPU
		{4599D1AC-F334-4470-83EF-91BAE4FE117F}.Debug|Any CPU.Build.0 = Debug|Any CPU
		{4599D1AC-F334-4470-83EF-91BAE4FE117F}.Release|Any CPU.ActiveCfg = Release|Any CPU
		{4599D1AC-F334-4470-83EF-91BAE4FE117F}.Release|Any CPU.Build.0 = Release|Any CPU
	EndGlobalSection
	GlobalSection(SolutionProperties) = preSolution
		HideSolutionNode = FALSE
	EndGlobalSection
	GlobalSection(NestedProjects) = preSolution
		{3E9426E5-3EED-4E09-82BF-BCA5C1558F98} = {02EA681E-C7D8-13C7-8484-4AC65E1B71E8}
		{7D9C2749-37FA-4C71-800D-44F402BAC32D} = {02EA681E-C7D8-13C7-8484-4AC65E1B71E8}
		{7CF5C560-421A-4623-9A6A-71D44D8E142D} = {02EA681E-C7D8-13C7-8484-4AC65E1B71E8}
		{EFE26C9B-ABBA-473F-A022-6E04EEECE527} = {02EA681E-C7D8-13C7-8484-4AC65E1B71E8}
		{0EEDBE18-C2A1-40BC-B708-68F1FC7654FB} = {EC007DAD-82DF-48D5-9CE2-39941C5C7A34}
		{9CB7FA0A-D2BB-492D-ACA7-7CA7F2513DD5} = {EC007DAD-82DF-48D5-9CE2-39941C5C7A34}
		{B3224773-B9E3-4255-B5BC-D0C5B09AF3ED} = {EC007DAD-82DF-48D5-9CE2-39941C5C7A34}
		{6D3A6890-33E0-46B6-8DD7-F6C3F9E9489A} = {EC007DAD-82DF-48D5-9CE2-39941C5C7A34}
		{2EE59947-252E-48A1-BBE3-441FCDD74958} = {E72146C4-DD5D-4AE7-8DD6-69763D36E300}
		{4F4C2F8B-951B-4601-97C9-B586D63C9C77} = {E72146C4-DD5D-4AE7-8DD6-69763D36E300}
		{448F5CD7-AE16-45AC-A39F-3557DE97E3DF} = {E72146C4-DD5D-4AE7-8DD6-69763D36E300}
		{703C7B13-7AC8-43FA-9725-F652807F0418} = {E72146C4-DD5D-4AE7-8DD6-69763D36E300}
		{14113AFB-6755-4D7C-AB84-02A68469CC7A} = {3C024D7C-2911-4836-A0D3-3EA0EF02A24F}
		{126831C8-F575-462C-B7EA-324EBD0E87E8} = {3C024D7C-2911-4836-A0D3-3EA0EF02A24F}
		{4599D1AC-F334-4470-83EF-91BAE4FE117F} = {3C024D7C-2911-4836-A0D3-3EA0EF02A24F}
	EndGlobalSection
	GlobalSection(ExtensibilityGlobals) = postSolution
		SolutionGuid = {057D3203-2959-4487-A0A3-721CE6B4BDEA}
	EndGlobalSection
EndGlobal
